using System;

class Program
{
    static void Main()
    {
        // Ввод данных пользователем
        Console.WriteLine("Введите количество денег: ");
        int money = Convert.ToInt32(Console.ReadLine());

        Console.WriteLine("Введите цену одной шоколадки: ");
        int price = Convert.ToInt32(Console.ReadLine());

        Console.WriteLine("Введите количество оберток для обмена на новую шоколадку: ");
        int wrappersNeededForExchange = Convert.ToInt32(Console.ReadLine());

        // Получаем максимальное количество шоколадок
        int totalChocolates = CalculateMaxChocolates(money, price, wrappersNeededForExchange);

        // Вывод результата
        Console.WriteLine($"Максимально возможное количество шоколадок: {totalChocolates}");
    }

    // Метод для подсчета максимального количества шоколадок
    static int CalculateMaxChocolates(int money, int price, int wrappersNeeded)
    {
        // Подсчет первоначального количества шоколадок, которые можно купить
        int chocolatesBought = money / price;

        // Начальное количество оберток
        int wrappers = chocolatesBought;

        // Цикл для обмена оберток на новые шоколадки
        while (wrappers >= wrappersNeeded)
        {
            // Количество шоколадок, полученных за обертки
            int chocolatesFromWrappers = wrappers / wrappersNeeded;
            chocolatesBought += chocolatesFromWrappers;

            // Обновляем количество оберток: новых и оставшихся
            wrappers = chocolatesFromWrappers + (wrappers % wrappersNeeded);
        }

        return chocolatesBought;
    }
}
