
Microsoft Visual Studio Solution File, Format Version 12.00
# Visual Studio Version 17
VisualStudioVersion = 17.7.34024.191
MinimumVisualStudioVersion = 10.0.40219.1
Project("{FAE04EC0-301F-11D3-BF4B-00C04F79EFBC}") = "chocolate", "chocolate\chocolate.csproj", "{A2684127-76C4-4946-9BD3-AF7E63297058}"
EndProject
Global
	GlobalSection(SolutionConfigurationPlatforms) = preSolution
		Debug|Any CPU = Debug|Any CPU
		Release|Any CPU = Release|Any CPU
	EndGlobalSection
	GlobalSection(ProjectConfigurationPlatforms) = postSolution
		{A2684127-76C4-4946-9BD3-AF7E63297058}.Debug|Any CPU.ActiveCfg = Debug|Any CPU
		{A2684127-76C4-4946-9BD3-AF7E63297058}.Debug|Any CPU.Build.0 = Debug|Any CPU
		{A2684127-76C4-4946-9BD3-AF7E63297058}.Release|Any CPU.ActiveCfg = Release|Any CPU
		{A2684127-76C4-4946-9BD3-AF7E63297058}.Release|Any CPU.Build.0 = Release|Any CPU
	EndGlobalSection
	GlobalSection(SolutionProperties) = preSolution
		HideSolutionNode = FALSE
	EndGlobalSection
	GlobalSection(ExtensibilityGlobals) = postSolution
		SolutionGuid = {AB92649E-1CCC-4202-B67A-AC392B809CB5}
	EndGlobalSection
EndGlobal
